
Microsoft Visual Studio Solution File, Format Version 12.00
# Visual Studio Version 17
VisualStudioVersion = 17.1.32210.238
MinimumVisualStudioVersion = 10.0.40219.1
Project("{8BC9CEB8-8B4A-11D0-8D11-00A0C91BC942}") = "x64_vs2022_pcapcpp_interface", "x64_vs2022_pcapcpp_interface\x64_vs2022_pcapcpp_interface.vcxproj", "{ADC7D94D-9DA5-4067-9BED-23DA3A493AB7}"
EndProject
Project("{8BC9CEB8-8B4A-11D0-8D11-00A0C91BC942}") = "x64_vs2022_pcapcpp_interface_example", "x64_vs2022_pcapcpp_interface_example\x64_vs2022_pcapcpp_interface_example.vcxproj", "{24E2F160-2DF5-4BB8-A035-428DAAE8FF65}"
EndProject
Project("{8BC9CEB8-8B4A-11D0-8D11-00A0C91BC942}") = "x64_vs2022_pcapcpp_device", "x64_vs2022_pcapcpp_device\x64_vs2022_pcapcpp_device.vcxproj", "{D643E45C-F38F-4104-9EB4-5689592DECCA}"
EndProject
Project("{8BC9CEB8-8B4A-11D0-8D11-00A0C91BC942}") = "x64_vs2022_pcapcpp_packet", "x64_vs2022_pcapcpp_packet\x64_vs2022_pcapcpp_packet.vcxproj", "{F61D00C5-E088-4F21-92D8-F3F6B593BF2E}"
EndProject
Project("{8BC9CEB8-8B4A-11D0-8D11-00A0C91BC942}") = "x64_vs2022_pcapcpp_capture", "x64_vs2022_pcapcpp_capture\x64_vs2022_pcapcpp_capture.vcxproj", "{7702089D-2525-4C0D-ABE6-95D9AF40C327}"
EndProject
Project("{8BC9CEB8-8B4A-11D0-8D11-00A0C91BC942}") = "x64_vs2022_pcapcpp_endpoint_example", "x64_vs2022_pcapcpp_endpoint_example\x64_vs2022_pcapcpp_endpoint_example.vcxproj", "{1A76F01C-AED1-4ED5-8C2D-9A6EF0224173}"
EndProject
Global
	GlobalSection(SolutionConfigurationPlatforms) = preSolution
		Debug|x64 = Debug|x64
		Debug|x86 = Debug|x86
		Release|x64 = Release|x64
		Release|x86 = Release|x86
	EndGlobalSection
	GlobalSection(ProjectConfigurationPlatforms) = postSolution
		{ADC7D94D-9DA5-4067-9BED-23DA3A493AB7}.Debug|x64.ActiveCfg = Debug|x64
		{ADC7D94D-9DA5-4067-9BED-23DA3A493AB7}.Debug|x64.Build.0 = Debug|x64
		{ADC7D94D-9DA5-4067-9BED-23DA3A493AB7}.Debug|x86.ActiveCfg = Debug|Win32
		{ADC7D94D-9DA5-4067-9BED-23DA3A493AB7}.Debug|x86.Build.0 = Debug|Win32
		{ADC7D94D-9DA5-4067-9BED-23DA3A493AB7}.Release|x64.ActiveCfg = Release|x64
		{ADC7D94D-9DA5-4067-9BED-23DA3A493AB7}.Release|x64.Build.0 = Release|x64
		{ADC7D94D-9DA5-4067-9BED-23DA3A493AB7}.Release|x86.ActiveCfg = Release|Win32
		{ADC7D94D-9DA5-4067-9BED-23DA3A493AB7}.Release|x86.Build.0 = Release|Win32
		{24E2F160-2DF5-4BB8-A035-428DAAE8FF65}.Debug|x64.ActiveCfg = Debug|x64
		{24E2F160-2DF5-4BB8-A035-428DAAE8FF65}.Debug|x64.Build.0 = Debug|x64
		{24E2F160-2DF5-4BB8-A035-428DAAE8FF65}.Debug|x86.ActiveCfg = Debug|Win32
		{24E2F160-2DF5-4BB8-A035-428DAAE8FF65}.Debug|x86.Build.0 = Debug|Win32
		{24E2F160-2DF5-4BB8-A035-428DAAE8FF65}.Release|x64.ActiveCfg = Release|x64
		{24E2F160-2DF5-4BB8-A035-428DAAE8FF65}.Release|x64.Build.0 = Release|x64
		{24E2F160-2DF5-4BB8-A035-428DAAE8FF65}.Release|x86.ActiveCfg = Release|Win32
		{24E2F160-2DF5-4BB8-A035-428DAAE8FF65}.Release|x86.Build.0 = Release|Win32
		{D643E45C-F38F-4104-9EB4-5689592DECCA}.Debug|x64.ActiveCfg = Debug|x64
		{D643E45C-F38F-4104-9EB4-5689592DECCA}.Debug|x64.Build.0 = Debug|x64
		{D643E45C-F38F-4104-9EB4-5689592DECCA}.Debug|x86.ActiveCfg = Debug|Win32
		{D643E45C-F38F-4104-9EB4-5689592DECCA}.Debug|x86.Build.0 = Debug|Win32
		{D643E45C-F38F-4104-9EB4-5689592DECCA}.Release|x64.ActiveCfg = Release|x64
		{D643E45C-F38F-4104-9EB4-5689592DECCA}.Release|x64.Build.0 = Release|x64
		{D643E45C-F38F-4104-9EB4-5689592DECCA}.Release|x86.ActiveCfg = Release|Win32
		{D643E45C-F38F-4104-9EB4-5689592DECCA}.Release|x86.Build.0 = Release|Win32
		{F61D00C5-E088-4F21-92D8-F3F6B593BF2E}.Debug|x64.ActiveCfg = Debug|x64
		{F61D00C5-E088-4F21-92D8-F3F6B593BF2E}.Debug|x64.Build.0 = Debug|x64
		{F61D00C5-E088-4F21-92D8-F3F6B593BF2E}.Debug|x86.ActiveCfg = Debug|Win32
		{F61D00C5-E088-4F21-92D8-F3F6B593BF2E}.Debug|x86.Build.0 = Debug|Win32
		{F61D00C5-E088-4F21-92D8-F3F6B593BF2E}.Release|x64.ActiveCfg = Release|x64
		{F61D00C5-E088-4F21-92D8-F3F6B593BF2E}.Release|x64.Build.0 = Release|x64
		{F61D00C5-E088-4F21-92D8-F3F6B593BF2E}.Release|x86.ActiveCfg = Release|Win32
		{F61D00C5-E088-4F21-92D8-F3F6B593BF2E}.Release|x86.Build.0 = Release|Win32
		{7702089D-2525-4C0D-ABE6-95D9AF40C327}.Debug|x64.ActiveCfg = Debug|x64
		{7702089D-2525-4C0D-ABE6-95D9AF40C327}.Debug|x64.Build.0 = Debug|x64
		{7702089D-2525-4C0D-ABE6-95D9AF40C327}.Debug|x86.ActiveCfg = Debug|Win32
		{7702089D-2525-4C0D-ABE6-95D9AF40C327}.Debug|x86.Build.0 = Debug|Win32
		{7702089D-2525-4C0D-ABE6-95D9AF40C327}.Release|x64.ActiveCfg = Release|x64
		{7702089D-2525-4C0D-ABE6-95D9AF40C327}.Release|x64.Build.0 = Release|x64
		{7702089D-2525-4C0D-ABE6-95D9AF40C327}.Release|x86.ActiveCfg = Release|Win32
		{7702089D-2525-4C0D-ABE6-95D9AF40C327}.Release|x86.Build.0 = Release|Win32
		{1A76F01C-AED1-4ED5-8C2D-9A6EF0224173}.Debug|x64.ActiveCfg = Debug|x64
		{1A76F01C-AED1-4ED5-8C2D-9A6EF0224173}.Debug|x64.Build.0 = Debug|x64
		{1A76F01C-AED1-4ED5-8C2D-9A6EF0224173}.Debug|x86.ActiveCfg = Debug|Win32
		{1A76F01C-AED1-4ED5-8C2D-9A6EF0224173}.Debug|x86.Build.0 = Debug|Win32
		{1A76F01C-AED1-4ED5-8C2D-9A6EF0224173}.Release|x64.ActiveCfg = Release|x64
		{1A76F01C-AED1-4ED5-8C2D-9A6EF0224173}.Release|x64.Build.0 = Release|x64
		{1A76F01C-AED1-4ED5-8C2D-9A6EF0224173}.Release|x86.ActiveCfg = Release|Win32
		{1A76F01C-AED1-4ED5-8C2D-9A6EF0224173}.Release|x86.Build.0 = Release|Win32
	EndGlobalSection
	GlobalSection(SolutionProperties) = preSolution
		HideSolutionNode = FALSE
	EndGlobalSection
	GlobalSection(ExtensibilityGlobals) = postSolution
		SolutionGuid = {74D9E02E-8532-4158-BC16-656ABA85A9E6}
	EndGlobalSection
EndGlobal
