<?xml version="1.0" encoding="utf-8"?>
<Project ToolsVersion="4.0" xmlns="http://schemas.microsoft.com/developer/msbuild/2003">
  <ItemGroup>
    <Filter Include="Source Files">
      <UniqueIdentifier>{4FC737F1-C7A5-4376-A066-2A32D752A2FF}</UniqueIdentifier>
      <Extensions>cpp;c;cc;cxx;c++;cppm;ixx;def;odl;idl;hpj;bat;asm;asmx</Extensions>
    </Filter>
    <Filter Include="Header Files">
      <UniqueIdentifier>{93995380-89BD-4b04-88EB-625FBE52EBFB}</UniqueIdentifier>
      <Extensions>h;hh;hpp;hxx;h++;hm;inl;inc;ipp;xsd</Extensions>
    </Filter>
    <Filter Include="Resource Files">
      <UniqueIdentifier>{67DA6AB6-F800-4c08-8B7A-83BB121AAD01}</UniqueIdentifier>
      <Extensions>rc;ico;cur;bmp;dlg;rc2;rct;bin;rgs;gif;jpg;jpeg;jpe;resx;tiff;tif;png;wav;mfcribbon-ms</Extensions>
    </Filter>
    <Filter Include="Header Files\ethernet">
      <UniqueIdentifier>{8f0ab073-405c-42b5-9d8b-ef9e12bcabf9}</UniqueIdentifier>
    </Filter>
    <Filter Include="Header Files\arp">
      <UniqueIdentifier>{c4d1a3cd-cba2-4b27-b720-524db5e8d1fa}</UniqueIdentifier>
    </Filter>
    <Filter Include="Source Files\protocol">
      <UniqueIdentifier>{30c1de4d-7640-49c8-8a32-42ac674ac32b}</UniqueIdentifier>
    </Filter>
    <Filter Include="Header Files\ip">
      <UniqueIdentifier>{11365a0d-a115-4c10-bd72-9c6b1d617f57}</UniqueIdentifier>
    </Filter>
    <Filter Include="Source Files\filter">
      <UniqueIdentifier>{6040ab66-c2ff-488a-a768-c1a6486b62f4}</UniqueIdentifier>
    </Filter>
  </ItemGroup>
  <ItemGroup>
    <ClInclude Include="..\..\..\..\..\include\pcapcpp\endpoint\endpoint.hpp">
      <Filter>Header Files</Filter>
    </ClInclude>
    <ClInclude Include="..\..\..\..\..\include\pcapcpp\capture\parser.hpp">
      <Filter>Header Files</Filter>
    </ClInclude>
    <ClInclude Include="..\..\..\..\..\include\pcapcpp\capture\protocool\ethernet.hpp">
      <Filter>Header Files\ethernet</Filter>
    </ClInclude>
    <ClInclude Include="..\..\..\..\..\include\pcapcpp\capture\protocool\arp.hpp">
      <Filter>Header Files\arp</Filter>
    </ClInclude>
    <ClInclude Include="..\..\..\..\..\include\pcapcpp\capture\protocool\v4.hpp">
      <Filter>Header Files\ip</Filter>
    </ClInclude>
    <ClInclude Include="..\..\..\..\..\include\pcapcpp\capture\forward.hpp">
      <Filter>Header Files</Filter>
    </ClInclude>
  </ItemGroup>
  <ItemGroup>
    <ClCompile Include="..\..\..\..\..\source\endpoint\endpoint.cpp">
      <Filter>Source Files</Filter>
    </ClCompile>
    <ClCompile Include="..\..\..\..\..\source\capture\parse_arp.cpp">
      <Filter>Source Files\protocol</Filter>
    </ClCompile>
    <ClCompile Include="..\..\..\..\..\source\capture\parse_ethernet.cpp">
      <Filter>Source Files\protocol</Filter>
    </ClCompile>
    <ClCompile Include="..\..\..\..\..\source\capture\parse_v4.cpp">
      <Filter>Source Files\protocol</Filter>
    </ClCompile>
    <ClCompile Include="..\..\..\..\..\source\capture\filter\filter_arp.cpp">
      <Filter>Source Files\filter</Filter>
    </ClCompile>
    <ClCompile Include="..\..\..\..\..\source\capture\filter\filter_ethernet.cpp">
      <Filter>Source Files\filter</Filter>
    </ClCompile>
    <ClCompile Include="..\..\..\..\..\source\capture\filter\filter_v4.cpp">
      <Filter>Source Files\filter</Filter>
    </ClCompile>
  </ItemGroup>
</Project>